
Microsoft Visual Studio Solution File, Format Version 12.00
# Visual Studio Version 17
VisualStudioVersion = 17.4.33122.133
MinimumVisualStudioVersion = 10.0.40219.1
Project("{FAE04EC0-301F-11D3-BF4B-00C04F79EFBC}") = "WinFormsApp3", "WinFormsApp3.csproj", "{40C2910C-39BC-4668-AB84-9E561AB326E6}"
EndProject
Global
	GlobalSection(SolutionConfigurationPlatforms) = preSolution
		Debug|Any CPU = Debug|Any CPU
		Release|Any CPU = Release|Any CPU
	EndGlobalSection
	GlobalSection(ProjectConfigurationPlatforms) = postSolution
		{40C2910C-39BC-4668-AB84-9E561AB326E6}.Debug|Any CPU.ActiveCfg = Debug|Any CPU
		{40C2910C-39BC-4668-AB84-9E561AB326E6}.Debug|Any CPU.Build.0 = Debug|Any CPU
		{40C2910C-39BC-4668-AB84-9E561AB326E6}.Release|Any CPU.ActiveCfg = Release|Any CPU
		{40C2910C-39BC-4668-AB84-9E561AB326E6}.Release|Any CPU.Build.0 = Release|Any CPU
	EndGlobalSection
	GlobalSection(SolutionProperties) = preSolution
		HideSolutionNode = FALSE
	EndGlobalSection
	GlobalSection(ExtensibilityGlobals) = postSolution
		SolutionGuid = {53148482-C05B-470C-AD71-4879BFC775B8}
	EndGlobalSection
EndGlobal
